
Microsoft Visual Studio Solution File, Format Version 12.00
# Visual Studio Version 16
VisualStudioVersion = 16.0.31205.134
MinimumVisualStudioVersion = 10.0.40219.1
Project("{159641D6-6404-4A2A-AE62-294DE0FE8301}") = "part70-90", "part70-90\part70-90.dtproj", "{E75A8054-61F7-4424-A0C2-15FC05399957}"
EndProject
Global
	GlobalSection(SolutionConfigurationPlatforms) = preSolution
		Development|Default = Development|Default
	EndGlobalSection
	GlobalSection(ProjectConfigurationPlatforms) = postSolution
		{E75A8054-61F7-4424-A0C2-15FC05399957}.Development|Default.ActiveCfg = Development
		{E75A8054-61F7-4424-A0C2-15FC05399957}.Development|Default.Build.0 = Development
	EndGlobalSection
	GlobalSection(SolutionProperties) = preSolution
		HideSolutionNode = FALSE
	EndGlobalSection
	GlobalSection(ExtensibilityGlobals) = postSolution
		SolutionGuid = {19A5AD2B-4519-4B2F-ADE6-CE2ED1AB7ED5}
	EndGlobalSection
EndGlobal
